{
    "hash": "274baba1679d41b1c6b17ff621910717",
    "packages": [
        {
            "package": "composer/composer",
            "version": "dev-master",
            "source-reference": "903facd64fee3941c4abc3e945982395cfb166b4",
            "alias": "1.0.9999999.9999999-dev"
        },
        {
            "package": "dflydev/ant-path-matcher",
            "version": "v1.0.1"
        },
        {
            "package": "dflydev/dot-access-configuration",
            "version": "dev-master",
            "source-reference": "5c357b5db69a467889bddf576823436a50dda7ea",
            "alias": "1.0.9999999.9999999-dev"
        },
        {
            "package": "dflydev/dot-access-data",
            "version": "dev-master",
            "source-reference": "aaf313232203ddd3e55eab1cce00d5b6cd1ffd36",
            "alias": "1.0.9999999.9999999-dev"
        },
        {
            "package": "dflydev/markdown",
            "version": "dev-master",
            "source-reference": "91c6649f89472f6ab60a107a80acc72baacf585c",
            "alias": "1.0.9999999.9999999-dev"
        },
        {
            "package": "dflydev/placeholder-resolver",
            "version": "dev-master",
            "source-reference": "90360a05c2fea542403ed39063a9655a620a998a",
            "alias": "1.0.9999999.9999999-dev"
        },
        {
            "package": "justinrainbow/json-schema",
            "version": "1.1.0"
        },
        {
            "package": "seld/jsonlint",
            "version": "1.0.0"
        },
        {
            "package": "symfony/console",
            "version": "dev-master",
            "source-reference": "8c69d3a3e26885cad132a38ab0d7f287fb975296",
            "alias": "2.1.9999999.9999999-dev"
        },
        {
            "package": "symfony/event-dispatcher",
            "version": "dev-master",
            "source-reference": "b98d68d3b8513c62d35504570f09e9d3dc33d083",
            "alias": "2.1.9999999.9999999-dev"
        },
        {
            "package": "symfony/filesystem",
            "version": "dev-master",
            "source-reference": "f5a2dcc6621c9dba4390195697f941db294813fd",
            "alias": "2.1.9999999.9999999-dev"
        },
        {
            "package": "symfony/finder",
            "version": "dev-master",
            "source-reference": "5b8658e52eaf424fe943a5857e2404ce95c3b90e",
            "alias": "2.1.9999999.9999999-dev"
        },
        {
            "package": "symfony/process",
            "version": "dev-master",
            "source-reference": "3f95a0126588f00d70e745c1ef96631fb10c3a8e",
            "alias": "2.1.9999999.9999999-dev"
        },
        {
            "package": "symfony/yaml",
            "version": "dev-master",
            "source-reference": "52807f723e8a9743852c2105f11bd01c5af7f977",
            "alias": "2.1.9999999.9999999-dev"
        },
        {
            "package": "twig/twig",
            "version": "1.6.x-dev",
            "source-reference": "v1.6.5"
        }
    ],
    "packages-dev": null,
    "aliases": []
}
